{
  "name": "@shapeshift-labs/frontier-lang-typescript",
  "version": "0.1.0",
  "lockfileVersion": 3,
  "requires": true,
  "packages": {
    "": {
      "name": "@shapeshift-labs/frontier-lang-typescript",
      "version": "0.1.0",
      "license": "MIT",
      "dependencies": {
        "@shapeshift-labs/frontier-lang-kernel": "^0.1.0"
      }
    },
    "node_modules/@shapeshift-labs/frontier-lang-kernel": {
      "version": "0.1.0",
      "resolved": "https://registry.npmjs.org/@shapeshift-labs/frontier-lang-kernel/-/frontier-lang-kernel-0.1.0.tgz",
      "integrity": "sha512-RggcgwpTj1c9tO2DrDgjY5VKN7sLwYMn4po7O1Kapg3wdnmxW7G7epM3t0Z2gfCjroMAoQi9L26+GXkIotZMFw==",
      "license": "MIT"
    }
  }
}
